// !$*UTF8*$!
{
	archiveVersion = 1;
	classes = {
	};
	objectVersion = 46;
	objects = {

/* Begin PBXBuildFile section */
		63CFD1561EA78538005E5167 /* AppDelegate.swift in Sources */ = {isa = PBXBuildFile; fileRef = 63CFD1551EA78538005E5167 /* AppDelegate.swift */; };
		63CFD1581EA78538005E5167 /* ViewController.swift in Sources */ = {isa = PBXBuildFile; fileRef = 63CFD1571EA78538005E5167 /* ViewController.swift */; };
		63CFD15B1EA78538005E5167 /* Main.storyboard in Resources */ = {isa = PBXBuildFile; fileRef = 63CFD1591EA78538005E5167 /* Main.storyboard */; };
		63CFD15D1EA78538005E5167 /* Assets.xcassets in Resources */ = {isa = PBXBuildFile; fileRef = 63CFD15C1EA78538005E5167 /* Assets.xcassets */; };
		63CFD1601EA78538005E5167 /* LaunchScreen.storyboard in Resources */ = {isa = PBXBuildFile; fileRef = 63CFD15E1EA78538005E5167 /* LaunchScreen.storyboard */; };
		63CFD16B1EA78538005E5167 /* HelloWorldTests.swift in Sources */ = {isa = PBXBuildFile; fileRef = 63CFD16A1EA78538005E5167 /* HelloWorldTests.swift */; };
		63CFD1761EA78538005E5167 /* HelloWorldUITests.swift in Sources */ = {isa = PBXBuildFile; fileRef = 63CFD1751EA78538005E5167 /* HelloWorldUITests.swift */; };
/* End PBXBuildFile section */

/* Begin PBXContainerItemProxy section */
		63CFD1671EA78538005E5167 /* PBXContainerItemProxy */ = {
			isa = PBXContainerItemProxy;
			containerPortal = 63CFD14A1EA78538005E5167 /* Project object */;
			proxyType = 1;
			remoteGlobalIDString = 63CFD1511EA78538005E5167;
			remoteInfo = HelloWorld;
		};
		63CFD1721EA78538005E5167 /* PBXContainerItemProxy */ = {
			isa = PBXContainerItemProxy;
			containerPortal = 63CFD14A1EA78538005E5167 /* Project object */;
			proxyType = 1;
			remoteGlobalIDString = 63CFD1511EA78538005E5167;
			remoteInfo = HelloWorld;
		};
/* End PBXContainerItemProxy section */

/* Begin PBXFileReference section */
		63CFD1521EA78538005E5167 /* HelloWorld.app */ = {isa = PBXFileReference; explicitFileType = wrapper.application; includeInIndex = 0; path = HelloWorld.app; sourceTree = BUILT_PRODUCTS_DIR; };
		63CFD1551EA78538005E5167 /* AppDelegate.swift */ = {isa = PBXFileReference; lastKnownFileType = sourcecode.swift; path = AppDelegate.swift; sourceTree = "<group>"; };
		63CFD1571EA78538005E5167 /* ViewController.swift */ = {isa = PBXFileReference; lastKnownFileType = sourcecode.swift; path = ViewController.swift; sourceTree = "<group>"; };
		63CFD15A1EA78538005E5167 /* Base */ = {isa = PBXFileReference; lastKnownFileType = file.storyboard; name = Base; path = Base.lproj/Main.storyboard; sourceTree = "<group>"; };
		63CFD15C1EA78538005E5167 /* Assets.xcassets */ = {isa = PBXFileReference; lastKnownFileType = folder.assetcatalog; path = Assets.xcassets; sourceTree = "<group>"; };
		63CFD15F1EA78538005E5167 /* Base */ = {isa = PBXFileReference; lastKnownFileType = file.storyboard; name = Base; path = Base.lproj/LaunchScreen.storyboard; sourceTree = "<group>"; };
		63CFD1611EA78538005E5167 /* Info.plist */ = {isa = PBXFileReference; lastKnownFileType = text.plist.xml; path = Info.plist; sourceTree = "<group>"; };
		63CFD1661EA78538005E5167 /* HelloWorldTests.xctest */ = {isa = PBXFileReference; explicitFileType = wrapper.cfbundle; includeInIndex = 0; path = HelloWorldTests.xctest; sourceTree = BUILT_PRODUCTS_DIR; };
		63CFD16A1EA78538005E5167 /* HelloWorldTests.swift */ = {isa = PBXFileReference; lastKnownFileType = sourcecode.swift; path = HelloWorldTests.swift; sourceTree = "<group>"; };
		63CFD16C1EA78538005E5167 /* Info.plist */ = {isa = PBXFileReference; lastKnownFileType = text.plist.xml; path = Info.plist; sourceTree = "<group>"; };
		63CFD1711EA78538005E5167 /* HelloWorldUITests.xctest */ = {isa = PBXFileReference; explicitFileType = wrapper.cfbundle; includeInIndex = 0; path = HelloWorldUITests.xctest; sourceTree = BUILT_PRODUCTS_DIR; };
		63CFD1751EA78538005E5167 /* HelloWorldUITests.swift */ = {isa = PBXFileReference; lastKnownFileType = sourcecode.swift; path = HelloWorldUITests.swift; sourceTree = "<group>"; };
		63CFD1771EA78538005E5167 /* Info.plist */ = {isa = PBXFileReference; lastKnownFileType = text.plist.xml; path = Info.plist; sourceTree = "<group>"; };
/* End PBXFileReference section */

/* Begin PBXFrameworksBuildPhase section */
		63CFD14F1EA78538005E5167 /* Frameworks */ = {
			isa = PBXFrameworksBuildPhase;
			buildActionMask = 2147483647;
			files = (
			);
			runOnlyForDeploymentPostprocessing = 0;
		};
		63CFD1631EA78538005E5167 /* Frameworks */ = {
			isa = PBXFrameworksBuildPhase;
			buildActionMask = 2147483647;
			files = (
			);
			runOnlyForDeploymentPostprocessing = 0;
		};
		63CFD16E1EA78538005E5167 /* Frameworks */ = {
			isa = PBXFrameworksBuildPhase;
			buildActionMask = 2147483647;
			files = (
			);
			runOnlyForDeploymentPostprocessing = 0;
		};
/* End PBXFrameworksBuildPhase section */

/* Begin PBXGroup section */
		63CFD1491EA78538005E5167 = {
			isa = PBXGroup;
			children = (
				63CFD1541EA78538005E5167 /* HelloWorld */,
				63CFD1691EA78538005E5167 /* HelloWorldTests */,
				63CFD1741EA78538005E5167 /* HelloWorldUITests */,
				63CFD1531EA78538005E5167 /* Products */,
			);
			sourceTree = "<group>";
		};
		63CFD1531EA78538005E5167 /* Products */ = {
			isa = PBXGroup;
			children = (
				63CFD1521EA78538005E5167 /* HelloWorld.app */,
				63CFD1661EA78538005E5167 /* HelloWorldTests.xctest */,
				63CFD1711EA78538005E5167 /* HelloWorldUITests.xctest */,
			);
			name = Products;
			sourceTree = "<group>";
		};
		63CFD1541EA78538005E5167 /* HelloWorld */ = {
			isa = PBXGroup;
			children = (
				63CFD1551EA78538005E5167 /* AppDelegate.swift */,
				63CFD1571EA78538005E5167 /* ViewController.swift */,
				63CFD1591EA78538005E5167 /* Main.storyboard */,
				63CFD15C1EA78538005E5167 /* Assets.xcassets */,
				63CFD15E1EA78538005E5167 /* LaunchScreen.storyboard */,
				63CFD1611EA78538005E5167 /* Info.plist */,
			);
			path = HelloWorld;
			sourceTree = "<group>";
		};
		63CFD1691EA78538005E5167 /* HelloWorldTests */ = {
			isa = PBXGroup;
			children = (
				63CFD16A1EA78538005E5167 /* HelloWorldTests.swift */,
				63CFD16C1EA78538005E5167 /* Info.plist */,
			);
			path = HelloWorldTests;
			sourceTree = "<group>";
		};
		63CFD1741EA78538005E5167 /* HelloWorldUITests */ = {
			isa = PBXGroup;
			children = (
				63CFD1751EA78538005E5167 /* HelloWorldUITests.swift */,
				63CFD1771EA78538005E5167 /* Info.plist */,
			);
			path = HelloWorldUITests;
			sourceTree = "<group>";
		};
/* End PBXGroup section */

/* Begin PBXNativeTarget section */
		63CFD1511EA78538005E5167 /* HelloWorld */ = {
			isa = PBXNativeTarget;
			buildConfigurationList = 63CFD17A1EA78538005E5167 /* Build configuration list for PBXNativeTarget "HelloWorld" */;
			buildPhases = (
				63CFD14E1EA78538005E5167 /* Sources */,
				63CFD14F1EA78538005E5167 /* Frameworks */,
				63CFD1501EA78538005E5167 /* Resources */,
			);
			buildRules = (
			);
			dependencies = (
			);
			name = HelloWorld;
			productName = HelloWorld;
			productReference = 63CFD1521EA78538005E5167 /* HelloWorld.app */;
			productType = "com.apple.product-type.application";
		};
		63CFD1651EA78538005E5167 /* HelloWorldTests */ = {
			isa = PBXNativeTarget;
			buildConfigurationList = 63CFD17D1EA78538005E5167 /* Build configuration list for PBXNativeTarget "HelloWorldTests" */;
			buildPhases = (
				63CFD1621EA78538005E5167 /* Sources */,
				63CFD1631EA78538005E5167 /* Frameworks */,
				63CFD1641EA78538005E5167 /* Resources */,
			);
			buildRules = (
			);
			dependencies = (
				63CFD1681EA78538005E5167 /* PBXTargetDependency */,
			);
			name = HelloWorldTests;
			productName = HelloWorldTests;
			productReference = 63CFD1661EA78538005E5167 /* HelloWorldTests.xctest */;
			productType = "com.apple.product-type.bundle.unit-test";
		};
		63CFD1701EA78538005E5167 /* HelloWorldUITests */ = {
			isa = PBXNativeTarget;
			buildConfigurationList = 63CFD1801EA78538005E5167 /* Build configuration list for PBXNativeTarget "HelloWorldUITests" */;
			buildPhases = (
				63CFD16D1EA78538005E5167 /* Sources */,
				63CFD16E1EA78538005E5167 /* Frameworks */,
				63CFD16F1EA78538005E5167 /* Resources */,
			);
			buildRules = (
			);
			dependencies = (
				63CFD1731EA78538005E5167 /* PBXTargetDependency */,
			);
			name = HelloWorldUITests;
			productName = HelloWorldUITests;
			productReference = 63CFD1711EA78538005E5167 /* HelloWorldUITests.xctest */;
			productType = "com.apple.product-type.bundle.ui-testing";
		};
/* End PBXNativeTarget section */

/* Begin PBXProject section */
		63CFD14A1EA78538005E5167 /* Project object */ = {
			isa = PBXProject;
			attributes = {
				LastSwiftUpdateCheck = 0830;
				LastUpgradeCheck = 0830;
				ORGANIZATIONNAME = "Jay Sinha";
				TargetAttributes = {
					63CFD1511EA78538005E5167 = {
						CreatedOnToolsVersion = 8.3;
						ProvisioningStyle = Automatic;
					};
					63CFD1651EA78538005E5167 = {
						CreatedOnToolsVersion = 8.3;
						ProvisioningStyle = Automatic;
						TestTargetID = 63CFD1511EA78538005E5167;
					};
					63CFD1701EA78538005E5167 = {
						CreatedOnToolsVersion = 8.3;
						ProvisioningStyle = Automatic;
						TestTargetID = 63CFD1511EA78538005E5167;
					};
				};
			};
			buildConfigurationList = 63CFD14D1EA78538005E5167 /* Build configuration list for PBXProject "HelloWorld" */;
			compatibilityVersion = "Xcode 3.2";
			developmentRegion = English;
			hasScannedForEncodings = 0;
			knownRegions = (
				en,
				Base,
			);
			mainGroup = 63CFD1491EA78538005E5167;
			productRefGroup = 63CFD1531EA78538005E5167 /* Products */;
			projectDirPath = "";
			projectRoot = "";
			targets = (
				63CFD1511EA78538005E5167 /* HelloWorld */,
				63CFD1651EA78538005E5167 /* HelloWorldTests */,
				63CFD1701EA78538005E5167 /* HelloWorldUITests */,
			);
		};
/* End PBXProject section */

/* Begin PBXResourcesBuildPhase section */
		63CFD1501EA78538005E5167 /* Resources */ = {
			isa = PBXResourcesBuildPhase;
			buildActionMask = 2147483647;
			files = (
				63CFD1601EA78538005E5167 /* LaunchScreen.storyboard in Resources */,
				63CFD15D1EA78538005E5167 /* Assets.xcassets in Resources */,
				63CFD15B1EA78538005E5167 /* Main.storyboard in Resources */,
			);
			runOnlyForDeploymentPostprocessing = 0;
		};
		63CFD1641EA78538005E5167 /* Resources */ = {
			isa = PBXResourcesBuildPhase;
			buildActionMask = 2147483647;
			files = (
			);
			runOnlyForDeploymentPostprocessing = 0;
		};
		63CFD16F1EA78538005E5167 /* Resources */ = {
			isa = PBXResourcesBuildPhase;
			buildActionMask = 2147483647;
			files = (
			);
			runOnlyForDeploymentPostprocessing = 0;
		};
/* End PBXResourcesBuildPhase section */

/* Begin PBXSourcesBuildPhase section */
		63CFD14E1EA78538005E5167 /* Sources */ = {
			isa = PBXSourcesBuildPhase;
			buildActionMask = 2147483647;
			files = (
				63CFD1581EA78538005E5167 /* ViewController.swift in Sources */,
				63CFD1561EA78538005E5167 /* AppDelegate.swift in Sources */,
			);
			runOnlyForDeploymentPostprocessing = 0;
		};
		63CFD1621EA78538005E5167 /* Sources */ = {
			isa = PBXSourcesBuildPhase;
			buildActionMask = 2147483647;
			files = (
				63CFD16B1EA78538005E5167 /* HelloWorldTests.swift in Sources */,
			);
			runOnlyForDeploymentPostprocessing = 0;
		};
		63CFD16D1EA78538005E5167 /* Sources */ = {
			isa = PBXSourcesBuildPhase;
			buildActionMask = 2147483647;
			files = (
				63CFD1761EA78538005E5167 /* HelloWorldUITests.swift in Sources */,
			);
			runOnlyForDeploymentPostprocessing = 0;
		};
/* End PBXSourcesBuildPhase section */

/* Begin PBXTargetDependency section */
		63CFD1681EA78538005E5167 /* PBXTargetDependency */ = {
			isa = PBXTargetDependency;
			target = 63CFD1511EA78538005E5167 /* HelloWorld */;
			targetProxy = 63CFD1671EA78538005E5167 /* PBXContainerItemProxy */;
		};
		63CFD1731EA78538005E5167 /* PBXTargetDependency */ = {
			isa = PBXTargetDependency;
			target = 63CFD1511EA78538005E5167 /* HelloWorld */;
			targetProxy = 63CFD1721EA78538005E5167 /* PBXContainerItemProxy */;
		};
/* End PBXTargetDependency section */

/* Begin PBXVariantGroup section */
		63CFD1591EA78538005E5167 /* Main.storyboard */ = {
			isa = PBXVariantGroup;
			children = (
				63CFD15A1EA78538005E5167 /* Base */,
			);
			name = Main.storyboard;
			sourceTree = "<group>";
		};
		63CFD15E1EA78538005E5167 /* LaunchScreen.storyboard */ = {
			isa = PBXVariantGroup;
			children = (
				63CFD15F1EA78538005E5167 /* Base */,
			);
			name = LaunchScreen.storyboard;
			sourceTree = "<group>";
		};
/* End PBXVariantGroup section */

/* Begin XCBuildConfiguration section */
		63CFD1781EA78538005E5167 /* Debug */ = {
			isa = XCBuildConfiguration;
			buildSettings = {
				ALWAYS_SEARCH_USER_PATHS = NO;
				CLANG_ANALYZER_NONNULL = YES;
				CLANG_ANALYZER_NUMBER_OBJECT_CONVERSION = YES_AGGRESSIVE;
				CLANG_CXX_LANGUAGE_STANDARD = "gnu++0x";
				CLANG_CXX_LIBRARY = "libc++";
				CLANG_ENABLE_MODULES = YES;
				CLANG_ENABLE_OBJC_ARC = YES;
				CLANG_WARN_BOOL_CONVERSION = YES;
				CLANG_WARN_CONSTANT_CONVERSION = YES;
				CLANG_WARN_DIRECT_OBJC_ISA_USAGE = YES_ERROR;
				CLANG_WARN_DOCUMENTATION_COMMENTS = YES;
				CLANG_WARN_EMPTY_BODY = YES;
				CLANG_WARN_ENUM_CONVERSION = YES;
				CLANG_WARN_INFINITE_RECURSION = YES;
				CLANG_WARN_INT_CONVERSION = YES;
				CLANG_WARN_OBJC_ROOT_CLASS = YES_ERROR;
				CLANG_WARN_SUSPICIOUS_MOVE = YES;
				CLANG_WARN_UNREACHABLE_CODE = YES;
				CLANG_WARN__DUPLICATE_METHOD_MATCH = YES;
				"CODE_SIGN_IDENTITY[sdk=iphoneos*]" = "iPhone Developer";
				COPY_PHASE_STRIP = NO;
				DEBUG_INFORMATION_FORMAT = dwarf;
				ENABLE_STRICT_OBJC_MSGSEND = YES;
				ENABLE_TESTABILITY = YES;
				GCC_C_LANGUAGE_STANDARD = gnu99;
				GCC_DYNAMIC_NO_PIC = NO;
				GCC_NO_COMMON_BLOCKS = YES;
				GCC_OPTIMIZATION_LEVEL = 0;
				GCC_PREPROCESSOR_DEFINITIONS = (
					"DEBUG=1",
					"$(inherited)",
				);
				GCC_WARN_64_TO_32_BIT_CONVERSION = YES;
				GCC_WARN_ABOUT_RETURN_TYPE = YES_ERROR;
				GCC_WARN_UNDECLARED_SELECTOR = YES;
				GCC_WARN_UNINITIALIZED_AUTOS = YES_AGGRESSIVE;
				GCC_WARN_UNUSED_FUNCTION = YES;
				GCC_WARN_UNUSED_VARIABLE = YES;
				IPHONEOS_DEPLOYMENT_TARGET = 10.3;
				MTL_ENABLE_DEBUG_INFO = YES;
				ONLY_ACTIVE_ARCH = YES;
				SDKROOT = iphoneos;
				SWIFT_ACTIVE_COMPILATION_CONDITIONS = DEBUG;
				SWIFT_OPTIMIZATION_LEVEL = "-Onone";
			};
			name = Debug;
		};
		63CFD1791EA78538005E5167 /* Release */ = {
			isa = XCBuildConfiguration;
			buildSettings = {
				ALWAYS_SEARCH_USER_PATHS = NO;
				CLANG_ANALYZER_NONNULL = YES;
				CLANG_ANALYZER_NUMBER_OBJECT_CONVERSION = YES_AGGRESSIVE;
				CLANG_CXX_LANGUAGE_STANDARD = "gnu++0x";
				CLANG_CXX_LIBRARY = "libc++";
				CLANG_ENABLE_MODULES = YES;
				CLANG_ENABLE_OBJC_ARC = YES;
				CLANG_WARN_BOOL_CONVERSION = YES;
				CLANG_WARN_CONSTANT_CONVERSION = YES;
				CLANG_WARN_DIRECT_OBJC_ISA_USAGE = YES_ERROR;
				CLANG_WARN_DOCUMENTATION_COMMENTS = YES;
				CLANG_WARN_EMPTY_BODY = YES;
				CLANG_WARN_ENUM_CONVERSION = YES;
				CLANG_WARN_INFINITE_RECURSION = YES;
				CLANG_WARN_INT_CONVERSION = YES;
				CLANG_WARN_OBJC_ROOT_CLASS = YES_ERROR;
				CLANG_WARN_SUSPICIOUS_MOVE = YES;
				CLANG_WARN_UNREACHABLE_CODE = YES;
				CLANG_WARN__DUPLICATE_METHOD_MATCH = YES;
				"CODE_SIGN_IDENTITY[sdk=iphoneos*]" = "iPhone Developer";
				COPY_PHASE_STRIP = NO;
				DEBUG_INFORMATION_FORMAT = "dwarf-with-dsym";
				ENABLE_NS_ASSERTIONS = NO;
				ENABLE_STRICT_OBJC_MSGSEND = YES;
				GCC_C_LANGUAGE_STANDARD = gnu99;
				GCC_NO_COMMON_BLOCKS = YES;
				GCC_WARN_64_TO_32_BIT_CONVERSION = YES;
				GCC_WARN_ABOUT_RETURN_TYPE = YES_ERROR;
				GCC_WARN_UNDECLARED_SELECTOR = YES;
				GCC_WARN_UNINITIALIZED_AUTOS = YES_AGGRESSIVE;
				GCC_WARN_UNUSED_FUNCTION = YES;
				GCC_WARN_UNUSED_VARIABLE = YES;
				IPHONEOS_DEPLOYMENT_TARGET = 10.3;
				MTL_ENABLE_DEBUG_INFO = NO;
				SDKROOT = iphoneos;
				SWIFT_OPTIMIZATION_LEVEL = "-Owholemodule";
				VALIDATE_PRODUCT = YES;
			};
			name = Release;
		};
		63CFD17B1EA78538005E5167 /* Debug */ = {
			isa = XCBuildConfiguration;
			buildSettings = {
				ASSETCATALOG_COMPILER_APPICON_NAME = AppIcon;
				INFOPLIST_FILE = HelloWorld/Info.plist;
				LD_RUNPATH_SEARCH_PATHS = "$(inherited) @executable_path/Frameworks";
				PRODUCT_BUNDLE_IDENTIFIER = com.razor.HelloWorld;
				PRODUCT_NAME = "$(TARGET_NAME)";
				SWIFT_VERSION = 3.0;
			};
			name = Debug;
		};
		63CFD17C1EA78538005E5167 /* Release */ = {
			isa = XCBuildConfiguration;
			buildSettings = {
				ASSETCATALOG_COMPILER_APPICON_NAME = AppIcon;
				INFOPLIST_FILE = HelloWorld/Info.plist;
				LD_RUNPATH_SEARCH_PATHS = "$(inherited) @executable_path/Frameworks";
				PRODUCT_BUNDLE_IDENTIFIER = com.razor.HelloWorld;
				PRODUCT_NAME = "$(TARGET_NAME)";
				SWIFT_VERSION = 3.0;
			};
			name = Release;
		};
		63CFD17E1EA78538005E5167 /* Debug */ = {
			isa = XCBuildConfiguration;
			buildSettings = {
				ALWAYS_EMBED_SWIFT_STANDARD_LIBRARIES = YES;
				BUNDLE_LOADER = "$(TEST_HOST)";
				INFOPLIST_FILE = HelloWorldTests/Info.plist;
				LD_RUNPATH_SEARCH_PATHS = "$(inherited) @executable_path/Frameworks @loader_path/Frameworks";
				PRODUCT_BUNDLE_IDENTIFIER = com.razor.HelloWorldTests;
				PRODUCT_NAME = "$(TARGET_NAME)";
				SWIFT_VERSION = 3.0;
				TEST_HOST = "$(BUILT_PRODUCTS_DIR)/HelloWorld.app/HelloWorld";
			};
			name = Debug;
		};
		63CFD17F1EA78538005E5167 /* Release */ = {
			isa = XCBuildConfiguration;
			buildSettings = {
				ALWAYS_EMBED_SWIFT_STANDARD_LIBRARIES = YES;
				BUNDLE_LOADER = "$(TEST_HOST)";
				INFOPLIST_FILE = HelloWorldTests/Info.plist;
				LD_RUNPATH_SEARCH_PATHS = "$(inherited) @executable_path/Frameworks @loader_path/Frameworks";
				PRODUCT_BUNDLE_IDENTIFIER = com.razor.HelloWorldTests;
				PRODUCT_NAME = "$(TARGET_NAME)";
				SWIFT_VERSION = 3.0;
				TEST_HOST = "$(BUILT_PRODUCTS_DIR)/HelloWorld.app/HelloWorld";
			};
			name = Release;
		};
		63CFD1811EA78538005E5167 /* Debug */ = {
			isa = XCBuildConfiguration;
			buildSettings = {
				ALWAYS_EMBED_SWIFT_STANDARD_LIBRARIES = YES;
				INFOPLIST_FILE = HelloWorldUITests/Info.plist;
				LD_RUNPATH_SEARCH_PATHS = "$(inherited) @executable_path/Frameworks @loader_path/Frameworks";
				PRODUCT_BUNDLE_IDENTIFIER = com.razor.HelloWorldUITests;
				PRODUCT_NAME = "$(TARGET_NAME)";
				SWIFT_VERSION = 3.0;
				TEST_TARGET_NAME = HelloWorld;
			};
			name = Debug;
		};
		63CFD1821EA78538005E5167 /* Release */ = {
			isa = XCBuildConfiguration;
			buildSettings = {
				ALWAYS_EMBED_SWIFT_STANDARD_LIBRARIES = YES;
				INFOPLIST_FILE = HelloWorldUITests/Info.plist;
				LD_RUNPATH_SEARCH_PATHS = "$(inherited) @executable_path/Frameworks @loader_path/Frameworks";
				PRODUCT_BUNDLE_IDENTIFIER = com.razor.HelloWorldUITests;
				PRODUCT_NAME = "$(TARGET_NAME)";
				SWIFT_VERSION = 3.0;
				TEST_TARGET_NAME = HelloWorld;
			};
			name = Release;
		};
/* End XCBuildConfiguration section */

/* Begin XCConfigurationList section */
		63CFD14D1EA78538005E5167 /* Build configuration list for PBXProject "HelloWorld" */ = {
			isa = XCConfigurationList;
			buildConfigurations = (
				63CFD1781EA78538005E5167 /* Debug */,
				63CFD1791EA78538005E5167 /* Release */,
			);
			defaultConfigurationIsVisible = 0;
			defaultConfigurationName = Release;
		};
		63CFD17A1EA78538005E5167 /* Build configuration list for PBXNativeTarget "HelloWorld" */ = {
			isa = XCConfigurationList;
			buildConfigurations = (
				63CFD17B1EA78538005E5167 /* Debug */,
				63CFD17C1EA78538005E5167 /* Release */,
			);
			defaultConfigurationIsVisible = 0;
		};
		63CFD17D1EA78538005E5167 /* Build configuration list for PBXNativeTarget "HelloWorldTests" */ = {
			isa = XCConfigurationList;
			buildConfigurations = (
				63CFD17E1EA78538005E5167 /* Debug */,
				63CFD17F1EA78538005E5167 /* Release */,
			);
			defaultConfigurationIsVisible = 0;
		};
		63CFD1801EA78538005E5167 /* Build configuration list for PBXNativeTarget "HelloWorldUITests" */ = {
			isa = XCConfigurationList;
			buildConfigurations = (
				63CFD1811EA78538005E5167 /* Debug */,
				63CFD1821EA78538005E5167 /* Release */,
			);
			defaultConfigurationIsVisible = 0;
		};
/* End XCConfigurationList section */
	};
	rootObject = 63CFD14A1EA78538005E5167 /* Project object */;
}
